<?xml version="1.0"?>
<CONFIG>
  <ProjectOptions>
    <PathDelim Value="\"/>
    <Version Value="5"/>
    <General>
      <MainUnit Value="0"/>
      <IconPath Value="./"/>
      <TargetFileExt Value=".exe"/>
      <ActiveEditorIndexAtStart Value="3"/>
    </General>
    <Units Count="40">
      <Unit0>
        <CursorPos X="29" Y="1"/>
        <Filename Value="testxmlds.lpr"/>
        <IsPartOfProject Value="True"/>
        <TopLine Value="1"/>
        <UnitName Value="TestXMLDS"/>
        <UsageCount Value="146"/>
      </Unit0>
      <Unit1>
        <CursorPos X="43" Y="45"/>
        <EditorIndex Value="0"/>
        <Filename Value="uMain.pas"/>
        <ComponentName Value="Form1"/>
        <HasResources Value="True"/>
        <IsPartOfProject Value="True"/>
        <Loaded Value="True"/>
        <ResourceFilename Value="uMain.lrs"/>
        <TopLine Value="37"/>
        <UnitName Value="uMain"/>
        <UsageCount Value="37"/>
      </Unit1>
      <Unit2>
        <CursorPos X="48" Y="117"/>
        <Filename Value="uXMLDSConsts.pas"/>
        <IsPartOfProject Value="True"/>
        <TopLine Value="117"/>
        <UnitName Value="uxmldsconsts"/>
        <UsageCount Value="36"/>
      </Unit2>
      <Unit3>
        <CursorPos X="33" Y="913"/>
        <Filename Value="customxmldataset.pas"/>
        <IsPartOfProject Value="True"/>
        <TopLine Value="913"/>
        <UnitName Value="customxmldataset"/>
        <UsageCount Value="36"/>
      </Unit3>
      <Unit4>
        <CursorPos X="83" Y="221"/>
        <EditorIndex Value="1"/>
        <Filename Value="HTTPSQLConn.pas"/>
        <IsPartOfProject Value="True"/>
        <Loaded Value="True"/>
        <TopLine Value="206"/>
        <UnitName Value="httpsqlconn"/>
        <UsageCount Value="36"/>
      </Unit4>
      <Unit5>
        <CursorPos X="1" Y="158"/>
        <EditorIndex Value="3"/>
        <Filename Value="xmlquery.pas"/>
        <IsPartOfProject Value="True"/>
        <Loaded Value="True"/>
        <TopLine Value="152"/>
        <UnitName Value="xmlquery"/>
        <UsageCount Value="37"/>
      </Unit5>
      <Unit6>
        <CursorPos X="44" Y="567"/>
        <Filename Value="gxbasedataset.pas"/>
        <IsPartOfProject Value="True"/>
        <TopLine Value="567"/>
        <UnitName Value="gxbasedataset"/>
        <UsageCount Value="36"/>
      </Unit6>
      <Unit7>
        <CursorPos X="31" Y="1"/>
        <Filename Value="customslqconn.pas"/>
        <IsPartOfProject Value="True"/>
        <TopLine Value="1"/>
        <UnitName Value="customsqlconn"/>
        <UsageCount Value="36"/>
      </Unit7>
      <Unit8>
        <CursorPos X="15" Y="186"/>
        <Filename Value="c:\lazarus\fpcsrc\rtl\objpas\sysutils\sysutilh.inc"/>
        <TopLine Value="186"/>
        <UsageCount Value="10"/>
      </Unit8>
      <Unit9>
        <CursorPos X="26" Y="1726"/>
        <Filename Value="C:\lazarus\fpcsrc\fcl\db\dataset.inc"/>
        <TopLine Value="1726"/>
        <UsageCount Value="10"/>
      </Unit9>
      <Unit10>
        <CursorPos X="7" Y="1800"/>
        <Filename Value="D:\lazarus_0_9_10\fpcsrc\fcl\db\db.pp"/>
        <TopLine Value="1800"/>
        <UnitName Value="db"/>
        <UsageCount Value="10"/>
      </Unit10>
      <Unit11>
        <CursorPos X="31" Y="546"/>
        <Filename Value="D:\lazarus_0_9_10\fpcsrc\fcl\db\dataset.inc"/>
        <TopLine Value="546"/>
        <UsageCount Value="10"/>
      </Unit11>
      <Unit12>
        <CursorPos X="14" Y="686"/>
        <Filename Value="C:\lazarus\fpcsrc\fcl\db\fields.inc"/>
        <TopLine Value="686"/>
        <UsageCount Value="10"/>
      </Unit12>
      <Unit13>
        <CursorPos X="16" Y="1052"/>
        <Filename Value="C:\lazarus\fpcsrc\fcl\db\db.pp"/>
        <TopLine Value="1052"/>
        <UnitName Value="db"/>
        <UsageCount Value="10"/>
      </Unit13>
      <Unit14>
        <CursorPos X="14" Y="29"/>
        <Filename Value="customsqlconn.pas"/>
        <TopLine Value="29"/>
        <UnitName Value="customsqlconn"/>
        <UsageCount Value="13"/>
      </Unit14>
      <Unit15>
        <CursorPos X="18" Y="37"/>
        <Filename Value="C:\lazarus\lcl\DBCtrls.pp"/>
        <TopLine Value="37"/>
        <UnitName Value="DbCtrls"/>
        <UsageCount Value="11"/>
      </Unit15>
      <Unit16>
        <CursorPos X="48" Y="211"/>
        <Filename Value="C:\lazarus\lcl\include\dbmemo.inc"/>
        <TopLine Value="211"/>
        <UsageCount Value="10"/>
      </Unit16>
      <Unit17>
        <CursorPos X="34" Y="76"/>
        <Filename Value="C:\lazarus\lcl\include\dbimage.inc"/>
        <TopLine Value="76"/>
        <UsageCount Value="10"/>
      </Unit17>
      <Unit18>
        <CursorPos X="40" Y="730"/>
        <Filename Value="C:\lazarus\lcl\Graphics.pp"/>
        <TopLine Value="730"/>
        <UnitName Value="Graphics"/>
        <UsageCount Value="10"/>
      </Unit18>
      <Unit19>
        <CursorPos X="17" Y="543"/>
        <Filename Value="C:\lazarus\lcl\include\picture.inc"/>
        <TopLine Value="543"/>
        <UsageCount Value="10"/>
      </Unit19>
      <Unit20>
        <CursorPos X="19" Y="193"/>
        <Filename Value="c:\lazarus\fpcsrc\rtl\objpas\classes\classesh.inc"/>
        <TopLine Value="193"/>
        <UsageCount Value="11"/>
      </Unit20>
      <Unit21>
        <CursorPos X="47" Y="62"/>
        <Filename Value="c:\lazarus\fpcsrc\rtl\objpas\classes\persist.inc"/>
        <TopLine Value="61"/>
        <UsageCount Value="10"/>
      </Unit21>
      <Unit22>
        <CursorPos X="52" Y="64"/>
        <Filename Value="C:\lazarus\lcl\include\customimage.inc"/>
        <TopLine Value="64"/>
        <UsageCount Value="10"/>
      </Unit22>
      <Unit23>
        <CursorPos X="57" Y="56"/>
        <Filename Value="C:\lazarus\fpcsrc\fcl\classes\persist.inc"/>
        <TopLine Value="56"/>
        <UsageCount Value="10"/>
      </Unit23>
      <Unit24>
        <CursorPos X="32" Y="363"/>
        <Filename Value="C:\lazarus\lcl\DBGrids.pas"/>
        <TopLine Value="363"/>
        <UnitName Value="DBGrids"/>
        <UsageCount Value="10"/>
      </Unit24>
      <Unit25>
        <CursorPos X="21" Y="1256"/>
        <Filename Value="dbcg\dbctrlgrid.pas"/>
        <TopLine Value="1255"/>
        <UnitName Value="dbctrlgrid"/>
        <UsageCount Value="11"/>
      </Unit25>
      <Unit26>
        <CursorPos X="6" Y="2173"/>
        <Filename Value="C:\lazarus\lcl\StdCtrls.pp"/>
        <TopLine Value="2173"/>
        <UnitName Value="StdCtrls"/>
        <UsageCount Value="11"/>
      </Unit26>
      <Unit27>
        <CursorPos X="18" Y="262"/>
        <Filename Value="C:\lazarus\lcl\LMessages.pp"/>
        <TopLine Value="254"/>
        <UnitName Value="LMessages"/>
        <UsageCount Value="11"/>
      </Unit27>
      <Unit28>
        <CursorPos X="37" Y="37"/>
        <Filename Value="C:\lazarus\lcl\Controls.pp"/>
        <TopLine Value="37"/>
        <UnitName Value="Controls"/>
        <UsageCount Value="10"/>
      </Unit28>
      <Unit29>
        <CursorPos X="14" Y="31"/>
        <Filename Value="C:\lazarus\lcl\ExtCtrls.pp"/>
        <TopLine Value="31"/>
        <UnitName Value="ExtCtrls"/>
        <UsageCount Value="11"/>
      </Unit29>
      <Unit30>
        <CursorPos X="24" Y="328"/>
        <Filename Value="C:\lazarus\lcl\LCLType.pp"/>
        <TopLine Value="328"/>
        <UnitName Value="LCLType"/>
        <UsageCount Value="11"/>
      </Unit30>
      <Unit31>
        <CursorPos X="15" Y="232"/>
        <Filename Value="SmartXMLQuery.pas"/>
        <IsPartOfProject Value="True"/>
        <TopLine Value="232"/>
        <UnitName Value="smartxmlquery"/>
        <UsageCount Value="30"/>
      </Unit31>
      <Unit32>
        <CursorPos X="31" Y="22"/>
        <Filename Value="C:\lazarus\fpcsrc\fcl\classes\lists.inc"/>
        <TopLine Value="22"/>
        <UsageCount Value="10"/>
      </Unit32>
      <Unit33>
        <CursorPos X="17" Y="361"/>
        <Filename Value="c:\lazarus\fpcsrc\rtl\objpas\classes\lists.inc"/>
        <TopLine Value="361"/>
        <UsageCount Value="10"/>
      </Unit33>
      <Unit34>
        <CursorPos X="1" Y="161"/>
        <EditorIndex Value="2"/>
        <Filename Value="tcpsqlconn.pas"/>
        <IsPartOfProject Value="True"/>
        <Loaded Value="True"/>
        <TopLine Value="150"/>
        <UnitName Value="tcpsqlconn"/>
        <UsageCount Value="23"/>
      </Unit34>
      <Unit35>
        <CursorPos X="11" Y="51"/>
        <Filename Value="tcpbase.pas"/>
        <TopLine Value="50"/>
        <UnitName Value="tcpbase"/>
        <UsageCount Value="11"/>
      </Unit35>
      <Unit36>
        <CursorPos X="51" Y="34"/>
        <Filename Value="D:\lazarus_0_9_10\fpcsrc\fcl\inc\ssockets.pp"/>
        <TopLine Value="28"/>
        <UnitName Value="ssockets"/>
        <UsageCount Value="10"/>
      </Unit36>
      <Unit37>
        <CursorPos X="53" Y="2391"/>
        <Filename Value="D:\lazarus_0_9_10\fpcsrc\fcl\db\fields.inc"/>
        <TopLine Value="2391"/>
        <UsageCount Value="10"/>
      </Unit37>
      <Unit38>
        <CursorPos X="42" Y="92"/>
        <Filename Value="D:\lazarus_0_9_10\fpcsrc\rtl\inc\astrings.inc"/>
        <TopLine Value="92"/>
        <UsageCount Value="10"/>
      </Unit38>
      <Unit39>
        <CursorPos X="1" Y="758"/>
        <EditorIndex Value="4"/>
        <Filename Value="D:\lazarus_0_9_10\fpcsrc\rtl\objpas\classes\stringl.inc"/>
        <Loaded Value="True"/>
        <TopLine Value="750"/>
        <UsageCount Value="10"/>
      </Unit39>
    </Units>
    <PublishOptions>
      <Version Value="2"/>
      <DestinationDirectory Value="$(TestDir)\publishedproject\"/>
      <IgnoreBinaries Value="False"/>
      <IncludeFileFilter Value="*.(pas|pp|inc|lfm|lpr|lrs|lpi|lpk|sh|xml)"/>
      <ExcludeFileFilter Value="*.(bak|ppu|ppw|o|so);*~;backup"/>
    </PublishOptions>
    <RunParams>
      <local>
        <FormatVersion Value="1"/>
        <LaunchingApplication PathPlusParams="\usr\X11R6\bin\xterm -T 'Lazarus Run Output' -e $(LazarusDir)\tools\runwait.sh $(TargetCmdLine)"/>
      </local>
    </RunParams>
    <RequiredPackages Count="2">
      <Item1>
        <PackageName Value="LCL"/>
      </Item1>
      <Item2>
        <PackageName Value="FCL"/>
        <MinVersion Major="1" Valid="True"/>
      </Item2>
    </RequiredPackages>
    <JumpHistory Count="30" HistoryIndex="29">
      <Position1>
        <Filename Value="D:\lazarus_0_9_10\fpcsrc\rtl\objpas\classes\stringl.inc"/>
        <Caret Line="768" Column="1" TopLine="760"/>
      </Position1>
      <Position2>
        <Filename Value="D:\lazarus_0_9_10\fpcsrc\rtl\objpas\classes\stringl.inc"/>
        <Caret Line="757" Column="1" TopLine="749"/>
      </Position2>
      <Position3>
        <Filename Value="D:\lazarus_0_9_10\fpcsrc\rtl\objpas\classes\stringl.inc"/>
        <Caret Line="758" Column="1" TopLine="750"/>
      </Position3>
      <Position4>
        <Filename Value="xmlquery.pas"/>
        <Caret Line="168" Column="50" TopLine="161"/>
      </Position4>
      <Position5>
        <Filename Value="xmlquery.pas"/>
        <Caret Line="163" Column="1" TopLine="161"/>
      </Position5>
      <Position6>
        <Filename Value="xmlquery.pas"/>
        <Caret Line="164" Column="1" TopLine="156"/>
      </Position6>
      <Position7>
        <Filename Value="xmlquery.pas"/>
        <Caret Line="165" Column="1" TopLine="157"/>
      </Position7>
      <Position8>
        <Filename Value="xmlquery.pas"/>
        <Caret Line="166" Column="1" TopLine="158"/>
      </Position8>
      <Position9>
        <Filename Value="xmlquery.pas"/>
        <Caret Line="168" Column="1" TopLine="160"/>
      </Position9>
      <Position10>
        <Filename Value="xmlquery.pas"/>
        <Caret Line="169" Column="1" TopLine="161"/>
      </Position10>
      <Position11>
        <Filename Value="xmlquery.pas"/>
        <Caret Line="170" Column="1" TopLine="162"/>
      </Position11>
      <Position12>
        <Filename Value="xmlquery.pas"/>
        <Caret Line="172" Column="1" TopLine="164"/>
      </Position12>
      <Position13>
        <Filename Value="xmlquery.pas"/>
        <Caret Line="174" Column="1" TopLine="166"/>
      </Position13>
      <Position14>
        <Filename Value="xmlquery.pas"/>
        <Caret Line="163" Column="43" TopLine="157"/>
      </Position14>
      <Position15>
        <Filename Value="xmlquery.pas"/>
        <Caret Line="162" Column="1" TopLine="155"/>
      </Position15>
      <Position16>
        <Filename Value="xmlquery.pas"/>
        <Caret Line="164" Column="1" TopLine="156"/>
      </Position16>
      <Position17>
        <Filename Value="xmlquery.pas"/>
        <Caret Line="165" Column="1" TopLine="157"/>
      </Position17>
      <Position18>
        <Filename Value="xmlquery.pas"/>
        <Caret Line="166" Column="1" TopLine="158"/>
      </Position18>
      <Position19>
        <Filename Value="xmlquery.pas"/>
        <Caret Line="168" Column="1" TopLine="160"/>
      </Position19>
      <Position20>
        <Filename Value="xmlquery.pas"/>
        <Caret Line="169" Column="1" TopLine="161"/>
      </Position20>
      <Position21>
        <Filename Value="xmlquery.pas"/>
        <Caret Line="170" Column="1" TopLine="162"/>
      </Position21>
      <Position22>
        <Filename Value="xmlquery.pas"/>
        <Caret Line="171" Column="1" TopLine="163"/>
      </Position22>
      <Position23>
        <Filename Value="xmlquery.pas"/>
        <Caret Line="173" Column="1" TopLine="165"/>
      </Position23>
      <Position24>
        <Filename Value="xmlquery.pas"/>
        <Caret Line="175" Column="1" TopLine="167"/>
      </Position24>
      <Position25>
        <Filename Value="uMain.pas"/>
        <Caret Line="121" Column="19" TopLine="112"/>
      </Position25>
      <Position26>
        <Filename Value="tcpsqlconn.pas"/>
        <Caret Line="156" Column="76" TopLine="150"/>
      </Position26>
      <Position27>
        <Filename Value="xmlquery.pas"/>
        <Caret Line="177" Column="14" TopLine="165"/>
      </Position27>
      <Position28>
        <Filename Value="xmlquery.pas"/>
        <Caret Line="174" Column="1" TopLine="166"/>
      </Position28>
      <Position29>
        <Filename Value="uMain.pas"/>
        <Caret Line="45" Column="43" TopLine="37"/>
      </Position29>
      <Position30>
        <Filename Value="HTTPSQLConn.pas"/>
        <Caret Line="1" Column="1" TopLine="1"/>
      </Position30>
    </JumpHistory>
  </ProjectOptions>
  <CompilerOptions>
    <Version Value="5"/>
    <PathDelim Value="\"/>
    <SearchPaths>
      <UnitOutputDirectory Value=".\bin"/>
      <SrcPath Value="$(LazarusDir)\lcl\;$(LazarusDir)\lcl\interfaces\$(LCLWidgetType)\"/>
    </SearchPaths>
    <CodeGeneration>
      <Generate Value="Faster"/>
    </CodeGeneration>
    <Linking>
      <Options>
        <Win32>
          <GraphicApplication Value="True"/>
        </Win32>
      </Options>
    </Linking>
    <Other>
      <CompilerPath Value="$(CompPath)"/>
    </Other>
  </CompilerOptions>
  <Debugging>
    <BreakPoints Count="2">
      <Item2>
        <Source Value="smartxmlquery.pas"/>
        <Line Value="207"/>
      </Item2>
    </BreakPoints>
    <Watches Count="3">
      <Item1>
        <Expression Value="P"/>
      </Item1>
      <Item2>
        <Expression Value="s"/>
      </Item2>
      <Item3>
        <Expression Value="Text"/>
      </Item3>
    </Watches>
    <Exceptions Count="2">
      <Item1>
        <Name Value="ECodetoolError"/>
      </Item1>
      <Item2>
        <Name Value="EFOpenError"/>
      </Item2>
    </Exceptions>
  </Debugging>
</CONFIG>
