<?xml version="1.0"?>
<CONFIG>
  <ProjectOptions>
    <PathDelim Value="\"/>
    <Version Value="5"/>
    <General>
      <MainUnit Value="0"/>
      <ActiveEditorIndexAtStart Value="0"/>
      <IconPath Value="./"/>
      <TargetFileExt Value=".exe"/>
    </General>
    <JumpHistory Count="13" HistoryIndex="12">
      <Position1>
        <Filename Value="gxBaseDataset.pas"/>
        <Caret Line="9" Column="1" TopLine="1"/>
      </Position1>
      <Position2>
        <Filename Value="gxBaseDataset.pas"/>
        <Caret Line="576" Column="15" TopLine="568"/>
      </Position2>
      <Position3>
        <Filename Value="gxBaseDataset.pas"/>
        <Caret Line="2" Column="1" TopLine="1"/>
      </Position3>
      <Position4>
        <Filename Value="XMLFormatDataSet.pas"/>
        <Caret Line="365" Column="68" TopLine="357"/>
      </Position4>
      <Position5>
        <Filename Value="gxBaseDataset.pas"/>
        <Caret Line="648" Column="1" TopLine="632"/>
      </Position5>
      <Position6>
        <Filename Value="XMLFormatDataSet.pas"/>
        <Caret Line="365" Column="72" TopLine="357"/>
      </Position6>
      <Position7>
        <Filename Value="XMLFormatDataSet.pas"/>
        <Caret Line="22" Column="19" TopLine="14"/>
      </Position7>
      <Position8>
        <Filename Value="XMLFormatDataSet.pas"/>
        <Caret Line="77" Column="1" TopLine="61"/>
      </Position8>
      <Position9>
        <Filename Value="XMLFormatDataSet.pas"/>
        <Caret Line="368" Column="24" TopLine="367"/>
      </Position9>
      <Position10>
        <Filename Value="XMLFormatDataSet.pas"/>
        <Caret Line="110" Column="3" TopLine="103"/>
      </Position10>
      <Position11>
        <Filename Value="XMLFormatDataSet.pas"/>
        <Caret Line="526" Column="20" TopLine="517"/>
      </Position11>
      <Position12>
        <Filename Value="XMLFormatDataSet.pas"/>
        <Caret Line="30" Column="1" TopLine="20"/>
      </Position12>
      <Position13>
        <Filename Value="XMLFormatDataSet.pas"/>
        <Caret Line="198" Column="55" TopLine="190"/>
      </Position13>
    </JumpHistory>
    <Units Count="51">
      <Unit0>
        <CursorPos X="14" Y="1"/>
        <Filename Value="testxmlds.lpr"/>
        <IsPartOfProject Value="True"/>
        <TopLine Value="1"/>
        <UnitName Value="TestXMLDS"/>
        <UsageCount Value="76"/>
      </Unit0>
      <Unit1>
        <CursorPos X="3" Y="44"/>
        <Filename Value="uMain.pas"/>
        <ComponentName Value="fMain"/>
        <IsPartOfProject Value="True"/>
        <ResourceFilename Value="umain.lrs"/>
        <TopLine Value="56"/>
        <UnitName Value="uMain"/>
        <UsageCount Value="76"/>
      </Unit1>
      <Unit2>
        <CursorPos X="1" Y="99"/>
        <EditorIndex Value="0"/>
        <Filename Value="XMLFormatDataSet.pas"/>
        <IsPartOfProject Value="True"/>
        <Loaded Value="True"/>
        <TopLine Value="93"/>
        <UnitName Value="xmlformatdataset"/>
        <UsageCount Value="76"/>
      </Unit2>
      <Unit3>
        <CursorPos X="19" Y="419"/>
        <Filename Value="c:\lazarus\components\codetools\laz_dom.pas"/>
        <TopLine Value="419"/>
        <UnitName Value="Laz_DOM"/>
        <UsageCount Value="9"/>
      </Unit3>
      <Unit4>
        <CursorPos X="13" Y="67"/>
        <Filename Value="C:\lazarus\fpcsrc\fcl\xml\dom.pp"/>
        <TopLine Value="67"/>
        <UnitName Value="DOM"/>
        <UsageCount Value="12"/>
      </Unit4>
      <Unit5>
        <CursorPos X="15" Y="1640"/>
        <Filename Value="c:\lazarus\fpcsrc\rtl\objpas\classes\classesh.inc"/>
        <TopLine Value="1640"/>
        <UsageCount Value="9"/>
      </Unit5>
      <Unit6>
        <CursorPos X="15" Y="1682"/>
        <Filename Value="C:\lazarus\fpcsrc\fcl\db\db.pp"/>
        <TopLine Value="1682"/>
        <UnitName Value="db"/>
        <UsageCount Value="20"/>
      </Unit6>
      <Unit7>
        <CursorPos X="22" Y="1"/>
        <Filename Value="C:\lazarus\fpcsrc\fcl\db\dataset.inc"/>
        <TopLine Value="1"/>
        <UsageCount Value="14"/>
      </Unit7>
      <Unit8>
        <CursorPos X="26" Y="1"/>
        <Filename Value="C:\lazarus\fpcsrc\fcl\db\fields.inc"/>
        <TopLine Value="1"/>
        <UsageCount Value="16"/>
      </Unit8>
      <Unit9>
        <CursorPos X="21" Y="551"/>
        <Filename Value="c:\lazarus\fpcsrc\rtl\inc\systemh.inc"/>
        <TopLine Value="543"/>
        <UsageCount Value="10"/>
      </Unit9>
      <Unit10>
        <CursorPos X="20" Y="637"/>
        <Filename Value="c:\lazarus\fpcsrc\rtl\objpas\classes\stringl.inc"/>
        <TopLine Value="637"/>
        <UsageCount Value="9"/>
      </Unit10>
      <Unit11>
        <CursorPos X="15" Y="79"/>
        <Filename Value="c:\lazarus\fpcsrc\rtl\inc\objpash.inc"/>
        <TopLine Value="79"/>
        <UsageCount Value="9"/>
      </Unit11>
      <Unit12>
        <CursorPos X="23" Y="131"/>
        <Filename Value="c:\lazarus\fpcsrc\rtl\inc\objpas.inc"/>
        <TopLine Value="131"/>
        <UsageCount Value="9"/>
      </Unit12>
      <Unit13>
        <CursorPos X="20" Y="1"/>
        <Filename Value="D:\TEMP\69OI3b\unit1.pas"/>
        <ComponentName Value="Form1"/>
        <HasResources Value="True"/>
        <TopLine Value="1"/>
        <UnitName Value="Unit1"/>
        <UsageCount Value="9"/>
      </Unit13>
      <Unit14>
        <CursorPos X="18" Y="28"/>
        <Filename Value="C:\lazarus\fpcsrc\fcl\xml\xmlread.pp"/>
        <TopLine Value="28"/>
        <UnitName Value="XMLRead"/>
        <UsageCount Value="9"/>
      </Unit14>
      <Unit15>
        <CursorPos X="5" Y="2"/>
        <Filename Value="test\xmldump.pp"/>
        <TopLine Value="1"/>
        <UnitName Value="xmldump"/>
        <UsageCount Value="9"/>
      </Unit15>
      <Unit16>
        <CursorPos X="14" Y="99"/>
        <Filename Value="C:\lazarus\fpcsrc\rtl\i386\i386.inc"/>
        <TopLine Value="99"/>
        <UsageCount Value="9"/>
      </Unit16>
      <Unit17>
        <CursorPos X="15" Y="96"/>
        <Filename Value="c:\lazarus\fpcsrc\rtl\objpas\sysutils\sysstrh.inc"/>
        <TopLine Value="96"/>
        <UsageCount Value="9"/>
      </Unit17>
      <Unit18>
        <CursorPos X="14" Y="222"/>
        <Filename Value="c:\lazarus\fpcsrc\rtl\objpas\sysutils\sysutilh.inc"/>
        <TopLine Value="222"/>
        <UsageCount Value="9"/>
      </Unit18>
      <Unit19>
        <CursorPos X="23" Y="80"/>
        <Filename Value="c:\lazarus\fpcsrc\rtl\objpas\sysutils\sysutils.inc"/>
        <TopLine Value="80"/>
        <UsageCount Value="9"/>
      </Unit19>
      <Unit20>
        <CursorPos X="27" Y="367"/>
        <Filename Value="C:\lazarus\fpcsrc\fcl\db\bufdataset.inc"/>
        <TopLine Value="367"/>
        <UsageCount Value="9"/>
      </Unit20>
      <Unit21>
        <CursorPos X="14" Y="81"/>
        <Filename Value="c:\lazarus\fpcsrc\rtl\objpas\sysutils\datih.inc"/>
        <TopLine Value="81"/>
        <UsageCount Value="9"/>
      </Unit21>
      <Unit22>
        <CursorPos X="28" Y="19"/>
        <Filename Value="c:\lazarus\fpcsrc\rtl\objpas\sysutils\syspchh.inc"/>
        <TopLine Value="19"/>
        <UsageCount Value="10"/>
      </Unit22>
      <Unit23>
        <CursorPos X="23" Y="172"/>
        <Filename Value="c:\lazarus\fpcsrc\rtl\i386\strings.inc"/>
        <TopLine Value="172"/>
        <UsageCount Value="9"/>
      </Unit23>
      <Unit24>
        <CursorPos X="23" Y="78"/>
        <Filename Value="c:\lazarus\fpcsrc\rtl\inc\varianth.inc"/>
        <TopLine Value="78"/>
        <UsageCount Value="10"/>
      </Unit24>
      <Unit25>
        <CursorPos X="21" Y="133"/>
        <Filename Value="c:\lazarus\fpcsrc\rtl\inc\variant.inc"/>
        <TopLine Value="133"/>
        <UsageCount Value="9"/>
      </Unit25>
      <Unit26>
        <CursorPos X="9" Y="15"/>
        <Filename Value="C:\lazarus\ideintf\allideintf.pas"/>
        <TopLine Value="15"/>
        <UnitName Value="AllIDEIntf"/>
        <UsageCount Value="9"/>
      </Unit26>
      <Unit27>
        <CursorPos X="12" Y="45"/>
        <Filename Value="C:\lazarus\designer\jitform\jitform.pas"/>
        <TopLine Value="45"/>
        <UnitName Value="JITForm"/>
        <UsageCount Value="9"/>
      </Unit27>
      <Unit28>
        <CursorPos X="8" Y="1"/>
        <Filename Value="C:\lazarus\fpcsrc\rtl\objpas\rtlconsts.pp"/>
        <TopLine Value="1"/>
        <UnitName Value="RtlConsts"/>
        <UsageCount Value="9"/>
      </Unit28>
      <Unit29>
        <CursorPos X="14" Y="219"/>
        <Filename Value="C:\lazarus\fpcsrc\rtl\objpas\rtlconst.inc"/>
        <TopLine Value="219"/>
        <UsageCount Value="9"/>
      </Unit29>
      <Unit30>
        <CursorPos X="18" Y="138"/>
        <Filename Value="D:\DB.pp"/>
        <TopLine Value="138"/>
        <UnitName Value="db"/>
        <UsageCount Value="9"/>
      </Unit30>
      <Unit31>
        <CursorPos X="11" Y="38"/>
        <Filename Value="c:\lazarus\startlazarus.lpr"/>
        <TopLine Value="29"/>
        <UnitName Value="StartLazarus"/>
        <UsageCount Value="9"/>
      </Unit31>
      <Unit32>
        <CursorPos X="23" Y="1"/>
        <Filename Value="C:\lazarus\lcl\interfaces\win32\Interfaces.pp"/>
        <TopLine Value="1"/>
        <UnitName Value="Interfaces"/>
        <UsageCount Value="10"/>
      </Unit32>
      <Unit33>
        <CursorPos X="42" Y="1975"/>
        <Filename Value="C:\lazarus\fpcsrc\rtl\inc\variants.pp"/>
        <TopLine Value="1975"/>
        <UnitName Value="variants"/>
        <UsageCount Value="10"/>
      </Unit33>
      <Unit34>
        <CursorPos X="21" Y="1409"/>
        <Filename Value="C:\lazarus\lcl\DBGrids.pas"/>
        <TopLine Value="1409"/>
        <UnitName Value="DBGrids"/>
        <UsageCount Value="9"/>
      </Unit34>
      <Unit35>
        <CursorPos X="13" Y="19"/>
        <Filename Value="C:\lazarus\fpcsrc\rtl\objpas\objpas.pp"/>
        <TopLine Value="19"/>
        <UnitName Value="objpas"/>
        <UsageCount Value="9"/>
      </Unit35>
      <Unit36>
        <CursorPos X="17" Y="339"/>
        <Filename Value="C:\lazarus\fpcsrc\fcl\db\dsparams.inc"/>
        <TopLine Value="339"/>
        <UsageCount Value="10"/>
      </Unit36>
      <Unit37>
        <CursorPos X="24" Y="483"/>
        <Filename Value="C:\lazarus\fpcsrc\fcl\db\datasource.inc"/>
        <TopLine Value="483"/>
        <UsageCount Value="9"/>
      </Unit37>
      <Unit38>
        <CursorPos X="40" Y="1229"/>
        <Filename Value="C:\lazarus\lcl\include\customform.inc"/>
        <TopLine Value="1229"/>
        <UsageCount Value="9"/>
      </Unit38>
      <Unit39>
        <CursorPos X="17" Y="1"/>
        <Filename Value="gxxmldataset.pas"/>
        <IsPartOfProject Value="True"/>
        <TopLine Value="1"/>
        <UnitName Value="gxXMLDataSet"/>
        <UsageCount Value="35"/>
      </Unit39>
      <Unit40>
        <CursorPos X="40" Y="1"/>
        <Filename Value="BaseDataSet.pas"/>
        <TopLine Value="1"/>
        <UnitName Value="BaseDataset"/>
        <UsageCount Value="9"/>
      </Unit40>
      <Unit41>
        <CursorPos X="1" Y="74"/>
        <EditorIndex Value="1"/>
        <Filename Value="gxBaseDataset.pas"/>
        <Loaded Value="True"/>
        <TopLine Value="1"/>
        <UnitName Value="gxBaseDataset"/>
        <UsageCount Value="13"/>
      </Unit41>
      <Unit42>
        <CursorPos X="20" Y="1"/>
        <Filename Value="umain.lrs"/>
        <TopLine Value="1"/>
        <UsageCount Value="9"/>
      </Unit42>
      <Unit43>
        <CursorPos X="21" Y="1"/>
        <Filename Value="uMain.lfm"/>
        <SyntaxHighlighter Value="LFM"/>
        <TopLine Value="1"/>
        <UsageCount Value="9"/>
      </Unit43>
      <Unit44>
        <CursorPos X="14" Y="53"/>
        <Filename Value="uMain.pas"/>
        <ComponentName Value="Form1"/>
        <IsPartOfProject Value="True"/>
        <ResourceFilename Value="uMain.lrs"/>
        <TopLine Value="53"/>
        <UnitName Value="uMain"/>
        <UsageCount Value="32"/>
      </Unit44>
      <Unit45>
        <CursorPos X="21" Y="194"/>
        <Filename Value="C:\lazarus\fpcsrc\rtl\inc\except.inc"/>
        <TopLine Value="194"/>
        <UsageCount Value="9"/>
      </Unit45>
      <Unit46>
        <CursorPos X="19" Y="1"/>
        <Filename Value="C:\lazarus\fpcsrc\rtl\win32\classes.pp"/>
        <TopLine Value="1"/>
        <UnitName Value="Classes"/>
        <UsageCount Value="9"/>
      </Unit46>
      <Unit47>
        <CursorPos X="6" Y="721"/>
        <Filename Value="C:\lazarus\lcl\StdCtrls.pp"/>
        <TopLine Value="721"/>
        <UnitName Value="StdCtrls"/>
        <UsageCount Value="9"/>
      </Unit47>
      <Unit48>
        <CursorPos X="12" Y="342"/>
        <Filename Value="C:\lazarus\fpcsrc\fcl\classes\lists.inc"/>
        <TopLine Value="342"/>
        <UsageCount Value="10"/>
      </Unit48>
      <Unit49>
        <CursorPos X="14" Y="33"/>
        <Filename Value="c:\lazarus\fpcsrc\rtl\inc\wstringh.inc"/>
        <TopLine Value="33"/>
        <UsageCount Value="10"/>
      </Unit49>
      <Unit50>
        <CursorPos X="1" Y="7"/>
        <EditorIndex Value="2"/>
        <Filename Value="uxmldsconsts.pas"/>
        <IsPartOfProject Value="True"/>
        <Loaded Value="True"/>
        <TopLine Value="1"/>
        <UnitName Value="uxmldsconsts"/>
        <UsageCount Value="20"/>
      </Unit50>
    </Units>
    <PublishOptions>
      <Version Value="2"/>
      <IgnoreBinaries Value="False"/>
      <IncludeFileFilter Value="*.(pas|pp|inc|lfm|lpr|lrs|lpi|lpk|sh|xml)"/>
      <ExcludeFileFilter Value="*.(bak|ppu|ppw|o|so);*~;backup"/>
    </PublishOptions>
    <RunParams>
      <local>
        <FormatVersion Value="1"/>
        <LaunchingApplication PathPlusParams="/usr/X11R6/bin/xterm -T 'Lazarus Run Output' -e $(LazarusDir)/tools/runwait.sh $(TargetCmdLine)"/>
      </local>
    </RunParams>
    <RequiredPackages Count="2">
      <Item1>
        <PackageName Value="LCL"/>
      </Item1>
      <Item2>
        <PackageName Value="FCL"/>
        <MinVersion Major="1" Valid="True"/>
      </Item2>
    </RequiredPackages>
  </ProjectOptions>
  <CompilerOptions>
    <Version Value="5"/>
    <PathDelim Value="\"/>
    <SearchPaths>
      <UnitOutputDirectory Value="D:\projects\TXMLFormatDataSet\bin"/>
      <SrcPath Value="$(LazarusDir)\lcl\;$(LazarusDir)\lcl\interfaces\$(LCLWidgetType)\"/>
    </SearchPaths>
    <CodeGeneration>
      <Generate Value="Faster"/>
    </CodeGeneration>
    <Linking>
      <Options>
        <Win32>
          <GraphicApplication Value="True"/>
        </Win32>
      </Options>
    </Linking>
    <Other>
      <CompilerPath Value="$(CompPath)"/>
    </Other>
  </CompilerOptions>
  <Debugging>
    <BreakPoints Count="3">
      <Item1>
        <Source Value="XMLFormatDataSet.pas"/>
        <Line Value="1031"/>
      </Item1>
      <Item2>
        <Source Value="XMLFormatDataSet.pas"/>
        <Line Value="1115"/>
      </Item2>
      <Item3>
        <Source Value="C:\lazarus\fpcsrc\fcl\db\dataset.inc"/>
        <Line Value="527"/>
      </Item3>
    </BreakPoints>
    <Watches Count="3">
      <Item1>
        <Expression Value="FRecordCount"/>
      </Item1>
      <Item2>
        <Expression Value="FCurRec"/>
      </Item2>
      <Item3>
        <Expression Value="FLastBookmark"/>
      </Item3>
    </Watches>
    <Exceptions Count="2">
      <Item1>
        <Name Value="ECodetoolError"/>
      </Item1>
      <Item2>
        <Name Value="EFOpenError"/>
      </Item2>
    </Exceptions>
  </Debugging>
</CONFIG>
